
Microsoft Visual Studio Solution File, Format Version 12.00
# Visual Studio 2013
VisualStudioVersion = 12.0.40629.0
MinimumVisualStudioVersion = 10.0.40219.1
Project("{2150E333-8FDC-42A3-9474-1A3956D46DE8}") = "Source", "Source", "{991B4C78-9953-472B-845E-EFFBD2FD5FE8}"
EndProject
Project("{2150E333-8FDC-42A3-9474-1A3956D46DE8}") = "Tests", "Tests", "{9E144591-EDD5-4BD6-BEFF-A09CD97C617C}"
EndProject
Project("{FAE04EC0-301F-11D3-BF4B-00C04F79EFBC}") = "Data", "Source\Data\Data.csproj", "{6ACBB886-1552-4D74-9474-C2B507E2C652}"
EndProject
Global
	GlobalSection(SolutionConfigurationPlatforms) = preSolution
		Debug|Any CPU = Debug|Any CPU
		Release|Any CPU = Release|Any CPU
	EndGlobalSection
	GlobalSection(ProjectConfigurationPlatforms) = postSolution
		{6ACBB886-1552-4D74-9474-C2B507E2C652}.Debug|Any CPU.ActiveCfg = Debug|Any CPU
		{6ACBB886-1552-4D74-9474-C2B507E2C652}.Debug|Any CPU.Build.0 = Debug|Any CPU
		{6ACBB886-1552-4D74-9474-C2B507E2C652}.Release|Any CPU.ActiveCfg = Release|Any CPU
		{6ACBB886-1552-4D74-9474-C2B507E2C652}.Release|Any CPU.Build.0 = Release|Any CPU
	EndGlobalSection
	GlobalSection(SolutionProperties) = preSolution
		HideSolutionNode = FALSE
	EndGlobalSection
	GlobalSection(NestedProjects) = preSolution
		{6ACBB886-1552-4D74-9474-C2B507E2C652} = {991B4C78-9953-472B-845E-EFFBD2FD5FE8}
	EndGlobalSection
EndGlobal
